<?xml version='1.0' encoding='UTF-8'?>
<Scheme version='1.3'>
   <BuildAction buildImplicitDependencies='YES' parallelizeBuildables='YES'>
      <BuildActionEntries>
         <BuildActionEntry buildForAnalyzing='YES' buildForArchiving='YES' buildForProfiling='YES' buildForRunning='YES' buildForTesting='YES'>
            <BuildableReference BlueprintIdentifier='B137ADD1143F6EBF007184CB' BlueprintName='LPSimpleExample' BuildableIdentifier='primary' BuildableName='LPSimpleExample.app' ReferencedContainer='container:LPSimpleExample.xcodeproj'>
            </BuildableReference>
         </BuildActionEntry>
      </BuildActionEntries>
   </BuildAction>
   <TestAction buildConfiguration='Debug' selectedDebuggerIdentifier='Xcode.DebuggerFoundation.Debugger.GDB' selectedLauncherIdentifier='Xcode.DebuggerFoundation.Launcher.GDB' shouldUseLaunchSchemeArgsEnv='YES'>
      <Testables>
      </Testables>
      <MacroExpansion>
         <BuildableReference BlueprintIdentifier='B137ADD1143F6EBF007184CB' BlueprintName='LPSimpleExample' BuildableIdentifier='primary' BuildableName='LPSimpleExample.app' ReferencedContainer='container:LPSimpleExample.xcodeproj'>
         </BuildableReference>
      </MacroExpansion>
   </TestAction>
   <LaunchAction allowLocationSimulation='YES' buildConfiguration='Calabash' debugDocumentVersioning='YES' launchStyle='0' selectedDebuggerIdentifier='Xcode.DebuggerFoundation.Debugger.GDB' selectedLauncherIdentifier='Xcode.DebuggerFoundation.Launcher.GDB' useCustomWorkingDirectory='NO'>
      <BuildableProductRunnable>
         <BuildableReference BlueprintIdentifier='B137ADD1143F6EBF007184CB' BlueprintName='LPSimpleExample' BuildableIdentifier='primary' BuildableName='LPSimpleExample.app' ReferencedContainer='container:LPSimpleExample.xcodeproj'>
         </BuildableReference>
      </BuildableProductRunnable>
      <AdditionalOptions>
      </AdditionalOptions>
   </LaunchAction>
   <ProfileAction buildConfiguration='Calabash' debugDocumentVersioning='YES' savedToolIdentifier='' shouldUseLaunchSchemeArgsEnv='YES' useCustomWorkingDirectory='NO'>
      <BuildableProductRunnable>
         <BuildableReference BlueprintIdentifier='B137ADD1143F6EBF007184CB' BlueprintName='LPSimpleExample' BuildableIdentifier='primary' BuildableName='LPSimpleExample.app' ReferencedContainer='container:LPSimpleExample.xcodeproj'>
         </BuildableReference>
      </BuildableProductRunnable>
   </ProfileAction>
   <AnalyzeAction buildConfiguration='Calabash'>
   </AnalyzeAction>
   <ArchiveAction buildConfiguration='Calabash' revealArchiveInOrganizer='YES'>
   </ArchiveAction>
</Scheme>
