<?xml version="1.0" encoding="UTF-8"?>
<!DOCTYPE plist PUBLIC "-//Apple//DTD PLIST 1.0//EN" "http://www.apple.com/DTDs/PropertyList-1.0.dtd">
<plist version="1.0">
<dict>
	<key>archiveVersion</key>
	<string>1</string>
	<key>classes</key>
	<dict/>
	<key>objectVersion</key>
	<string>46</string>
	<key>objects</key>
	<dict>
		<key>0b2e4256147930082fd8a841</key>
		<dict>
			<key>fileRef</key>
			<string>B137ADD8143F6EBF007184CB</string>
			<key>isa</key>
			<string>PBXBuildFile</string>
		</dict>
		<key>168c660ebe6cb35bd0b3638b</key>
		<dict>
			<key>fileRef</key>
			<string>B137ADF0143F6EBF007184CB</string>
			<key>isa</key>
			<string>PBXBuildFile</string>
		</dict>
		<key>17c2451ff9733dd5511d2e31</key>
		<dict>
			<key>buildActionMask</key>
			<string>2147483647</string>
			<key>files</key>
			<array>
				<string>b8c81cbdc610051f9711ea6b</string>
				<string>23e847e8c68697f306ba44d2</string>
				<string>0b2e4256147930082fd8a841</string>
				<string>8f2047fce190886505276e8a</string>
				<string>3181467df42df2b8a2043b9c</string>
				<string>48c7260e8b9cd050cca31ce5</string>
			</array>
			<key>isa</key>
			<string>PBXFrameworksBuildPhase</string>
			<key>runOnlyForDeploymentPostprocessing</key>
			<string>0</string>
		</dict>
		<key>184e89936b6bc5c26ba1c7fe</key>
		<dict>
			<key>fileRef</key>
			<string>B137ADEB143F6EBF007184CB</string>
			<key>isa</key>
			<string>PBXBuildFile</string>
		</dict>
		<key>1ca9529c1987bc34e5924e91</key>
		<dict>
			<key>FileEncoding</key>
			<string>4</string>
			<key>isa</key>
			<string>PBXFileReference</string>
			<key>lastKnownFileType</key>
			<string>wrapper.framework</string>
			<key>name</key>
			<string>CFNetwork.framework</string>
			<key>path</key>
			<string>System/Library/Frameworks/CFNetwork.framework</string>
			<key>sourceTree</key>
			<string>SDKROOT</string>
		</dict>
		<key>23d26cdbdf00f6122d616654</key>
		<dict>
			<key>fileRef</key>
			<string>B19151D114549ED100A70274</string>
			<key>isa</key>
			<string>PBXBuildFile</string>
		</dict>
		<key>23e847e8c68697f306ba44d2</key>
		<dict>
			<key>fileRef</key>
			<string>B137ADD6143F6EBF007184CB</string>
			<key>isa</key>
			<string>PBXBuildFile</string>
		</dict>
		<key>24d8615aa230a63a0197ea6b</key>
		<dict>
			<key>buildConfigurationList</key>
			<string>ce552271a4655cfd3647e923</string>
			<key>buildPhases</key>
			<array>
				<string>4f4e202e26f5b62cdaff9669</string>
				<string>17c2451ff9733dd5511d2e31</string>
				<string>bc3f8cce8644912bc28d79b0</string>
			</array>
			<key>buildRules</key>
			<array/>
			<key>dependencies</key>
			<array/>
			<key>isa</key>
			<string>PBXNativeTarget</string>
			<key>name</key>
			<string>LPSimpleExample-cal</string>
			<key>productName</key>
			<string>LPSimpleExample-cal</string>
			<key>productReference</key>
			<string>9cc5b48f2e0c44d788506d61</string>
			<key>productType</key>
			<string>com.apple.product-type.application</string>
		</dict>
		<key>3181467df42df2b8a2043b9c</key>
		<dict>
			<key>fileRef</key>
			<string>1ca9529c1987bc34e5924e91</string>
			<key>isa</key>
			<string>PBXBuildFile</string>
		</dict>
		<key>32008b7878ac066a15fa12f1</key>
		<dict>
			<key>buildSettings</key>
			<dict>
				<key>FRAMEWORK_SEARCH_PATHS</key>
				<array>
					<string>$(inherited)</string>
					<string>$(SRCROOT)</string>
				</array>
				<key>GCC_PRECOMPILE_PREFIX_HEADER</key>
				<string>YES</string>
				<key>GCC_PREFIX_HEADER</key>
				<string>LPSimpleExample/LPSimpleExample-Prefix.pch</string>
				<key>INFOPLIST_FILE</key>
				<string>LPSimpleExample/LPSimpleExample-Info.plist</string>
				<key>IPHONEOS_DEPLOYMENT_TARGET</key>
				<string>4.0</string>
				<key>OTHER_LDFLAGS</key>
				<array>
					<string>-force_load</string>
					<string>"$(SRCROOT)/calabash.framework/calabash"</string>
					<string>-lstdc++</string>
				</array>
				<key>PRODUCT_NAME</key>
				<string>$(TARGET_NAME)</string>
				<key>WRAPPER_EXTENSION</key>
				<string>app</string>
			</dict>
			<key>isa</key>
			<string>XCBuildConfiguration</string>
			<key>name</key>
			<string>Release</string>
		</dict>
		<key>48c7260e8b9cd050cca31ce5</key>
		<dict>
			<key>fileRef</key>
			<string>e424709ad1ae0f4f80f43e04</string>
			<key>isa</key>
			<string>PBXBuildFile</string>
		</dict>
		<key>4cfbe91234d9f40c60089a0f</key>
		<dict>
			<key>fileRef</key>
			<string>B19151CC14549E1200A70274</string>
			<key>isa</key>
			<string>PBXBuildFile</string>
		</dict>
		<key>4f4e202e26f5b62cdaff9669</key>
		<dict>
			<key>buildActionMask</key>
			<string>2147483647</string>
			<key>files</key>
			<array>
				<string>c112b9171ad7d0a18f56aa30</string>
				<string>bfd83f844544cea0b8c74bc3</string>
				<string>168c660ebe6cb35bd0b3638b</string>
				<string>b1188da51d4af4b55c3968b7</string>
				<string>4cfbe91234d9f40c60089a0f</string>
				<string>23d26cdbdf00f6122d616654</string>
			</array>
			<key>isa</key>
			<string>PBXSourcesBuildPhase</string>
			<key>runOnlyForDeploymentPostprocessing</key>
			<string>0</string>
		</dict>
		<key>5a568861d1d902912bae4cf1</key>
		<dict>
			<key>fileRef</key>
			<string>B137ADF6143F6EBF007184CB</string>
			<key>isa</key>
			<string>PBXBuildFile</string>
		</dict>
		<key>79d4773981af75d50177086d</key>
		<dict>
			<key>fileRef</key>
			<string>B137ADF9143F6EBF007184CB</string>
			<key>isa</key>
			<string>PBXBuildFile</string>
		</dict>
		<key>877fd0c3a14a7cedb5b7107a</key>
		<dict>
			<key>fileRef</key>
			<string>B137ADF2143F6EBF007184CB</string>
			<key>isa</key>
			<string>PBXBuildFile</string>
		</dict>
		<key>8f2047fce190886505276e8a</key>
		<dict>
			<key>fileRef</key>
			<string>B137ADDA143F6EBF007184CB</string>
			<key>isa</key>
			<string>PBXBuildFile</string>
		</dict>
		<key>9cc5b48f2e0c44d788506d61</key>
		<dict>
			<key>explicitFileType</key>
			<string>wrapper.application</string>
			<key>includeInIndex</key>
			<string>0</string>
			<key>isa</key>
			<string>PBXFileReference</string>
			<key>path</key>
			<string>LPSimpleExample-cal.app</string>
			<key>sourceTree</key>
			<string>BUILT_PRODUCTS_DIR</string>
		</dict>
		<key>B10AE47C14C8909E003F1704</key>
		<dict>
			<key>children</key>
			<array>
				<string>B10AE47F14C890A0003F1704</string>
				<string>B10AE48114C890A0003F1704</string>
				<string>B10AE48314C890A0003F1704</string>
				<string>B10AE48414C890A0003F1704</string>
			</array>
			<key>isa</key>
			<string>PBXGroup</string>
			<key>name</key>
			<string>Resources-iPad</string>
			<key>sourceTree</key>
			<string>&lt;group&gt;</string>
		</dict>
		<key>B10AE47F14C890A0003F1704</key>
		<dict>
			<key>children</key>
			<array>
				<string>B10AE48014C890A0003F1704</string>
			</array>
			<key>isa</key>
			<string>PBXVariantGroup</string>
			<key>name</key>
			<string>LPFirstViewController.xib</string>
			<key>sourceTree</key>
			<string>&lt;group&gt;</string>
		</dict>
		<key>B10AE48014C890A0003F1704</key>
		<dict>
			<key>isa</key>
			<string>PBXFileReference</string>
			<key>lastKnownFileType</key>
			<string>file.xib</string>
			<key>name</key>
			<string>en</string>
			<key>path</key>
			<string>Resources-iPad/LPSimpleExample/en.lproj/LPFirstViewController.xib</string>
			<key>sourceTree</key>
			<string>&lt;group&gt;</string>
		</dict>
		<key>B10AE48114C890A0003F1704</key>
		<dict>
			<key>children</key>
			<array>
				<string>B10AE48214C890A0003F1704</string>
			</array>
			<key>isa</key>
			<string>PBXVariantGroup</string>
			<key>name</key>
			<string>LPSecondViewController.xib</string>
			<key>sourceTree</key>
			<string>&lt;group&gt;</string>
		</dict>
		<key>B10AE48214C890A0003F1704</key>
		<dict>
			<key>isa</key>
			<string>PBXFileReference</string>
			<key>lastKnownFileType</key>
			<string>file.xib</string>
			<key>name</key>
			<string>en</string>
			<key>path</key>
			<string>Resources-iPad/LPSimpleExample/en.lproj/LPSecondViewController.xib</string>
			<key>sourceTree</key>
			<string>&lt;group&gt;</string>
		</dict>
		<key>B10AE48314C890A0003F1704</key>
		<dict>
			<key>isa</key>
			<string>PBXFileReference</string>
			<key>lastKnownFileType</key>
			<string>file.xib</string>
			<key>name</key>
			<string>LPThirdViewController.xib</string>
			<key>path</key>
			<string>Resources-iPad/LPSimpleExample/LPThirdViewController.xib</string>
			<key>sourceTree</key>
			<string>&lt;group&gt;</string>
		</dict>
		<key>B10AE48414C890A0003F1704</key>
		<dict>
			<key>isa</key>
			<string>PBXFileReference</string>
			<key>lastKnownFileType</key>
			<string>file.xib</string>
			<key>name</key>
			<string>LPFourthViewController.xib</string>
			<key>path</key>
			<string>Resources-iPad/LPSimpleExample/LPFourthViewController.xib</string>
			<key>sourceTree</key>
			<string>&lt;group&gt;</string>
		</dict>
		<key>B137ADC7143F6EBF007184CB</key>
		<dict>
			<key>children</key>
			<array>
				<string>B10AE47C14C8909E003F1704</string>
				<string>B137ADDC143F6EBF007184CB</string>
				<string>B137ADD5143F6EBF007184CB</string>
				<string>B137ADD3143F6EBF007184CB</string>
				<string>B1EE84381517A88D0030AB19</string>
			</array>
			<key>isa</key>
			<string>PBXGroup</string>
			<key>sourceTree</key>
			<string>&lt;group&gt;</string>
		</dict>
		<key>B137ADC9143F6EBF007184CB</key>
		<dict>
			<key>attributes</key>
			<dict>
				<key>LastUpgradeCheck</key>
				<string>0420</string>
				<key>ORGANIZATIONNAME</key>
				<string>Trifork</string>
			</dict>
			<key>buildConfigurationList</key>
			<string>B137ADCC143F6EBF007184CB</string>
			<key>compatibilityVersion</key>
			<string>Xcode 3.2</string>
			<key>developmentRegion</key>
			<string>English</string>
			<key>hasScannedForEncodings</key>
			<string>0</string>
			<key>isa</key>
			<string>PBXProject</string>
			<key>knownRegions</key>
			<array>
				<string>en</string>
			</array>
			<key>mainGroup</key>
			<string>B137ADC7143F6EBF007184CB</string>
			<key>productRefGroup</key>
			<string>B137ADD3143F6EBF007184CB</string>
			<key>projectDirPath</key>
			<string></string>
			<key>projectRoot</key>
			<string></string>
			<key>targets</key>
			<array>
				<string>B137ADD1143F6EBF007184CB</string>
				<string>24d8615aa230a63a0197ea6b</string>
			</array>
		</dict>
		<key>B137ADCC143F6EBF007184CB</key>
		<dict>
			<key>buildConfigurations</key>
			<array>
				<string>B137ADFC143F6EBF007184CB</string>
				<string>B137ADFD143F6EBF007184CB</string>
				<string>OEFFD99705EC998EF40BD873</string>
			</array>
			<key>defaultConfigurationIsVisible</key>
			<string>0</string>
			<key>defaultConfigurationName</key>
			<string>Release</string>
			<key>isa</key>
			<string>XCConfigurationList</string>
		</dict>
		<key>B137ADCE143F6EBF007184CB</key>
		<dict>
			<key>buildActionMask</key>
			<string>2147483647</string>
			<key>files</key>
			<array>
				<string>B137ADE3143F6EBF007184CB</string>
				<string>B137ADEA143F6EBF007184CB</string>
				<string>B137ADF1143F6EBF007184CB</string>
				<string>B1497426144B4CBE00E6EE79</string>
				<string>B19151CD14549E1200A70274</string>
				<string>B19151D314549ED100A70274</string>
			</array>
			<key>isa</key>
			<string>PBXSourcesBuildPhase</string>
			<key>runOnlyForDeploymentPostprocessing</key>
			<string>0</string>
		</dict>
		<key>B137ADCF143F6EBF007184CB</key>
		<dict>
			<key>buildActionMask</key>
			<string>2147483647</string>
			<key>files</key>
			<array>
				<string>B137AE02143F7109007184CB</string>
				<string>B137ADD7143F6EBF007184CB</string>
				<string>B137ADD9143F6EBF007184CB</string>
				<string>B137ADDB143F6EBF007184CB</string>
			</array>
			<key>isa</key>
			<string>PBXFrameworksBuildPhase</string>
			<key>runOnlyForDeploymentPostprocessing</key>
			<string>0</string>
		</dict>
		<key>B137ADD0143F6EBF007184CB</key>
		<dict>
			<key>buildActionMask</key>
			<string>2147483647</string>
			<key>files</key>
			<array>
				<string>B137ADE1143F6EBF007184CB</string>
				<string>B137ADEC143F6EBF007184CB</string>
				<string>B137ADEE143F6EBF007184CB</string>
				<string>B137ADF3143F6EBF007184CB</string>
				<string>B137ADF5143F6EBF007184CB</string>
				<string>B137ADF8143F6EBF007184CB</string>
				<string>B137ADFB143F6EBF007184CB</string>
				<string>B1497422144B4C8900E6EE79</string>
				<string>B19151D514549ED100A70274</string>
			</array>
			<key>isa</key>
			<string>PBXResourcesBuildPhase</string>
			<key>runOnlyForDeploymentPostprocessing</key>
			<string>0</string>
		</dict>
		<key>B137ADD1143F6EBF007184CB</key>
		<dict>
			<key>buildConfigurationList</key>
			<string>B137ADFE143F6EBF007184CB</string>
			<key>buildPhases</key>
			<array>
				<string>B137ADCE143F6EBF007184CB</string>
				<string>B137ADCF143F6EBF007184CB</string>
				<string>B137ADD0143F6EBF007184CB</string>
			</array>
			<key>buildRules</key>
			<array/>
			<key>dependencies</key>
			<array/>
			<key>isa</key>
			<string>PBXNativeTarget</string>
			<key>name</key>
			<string>LPSimpleExample</string>
			<key>productName</key>
			<string>LPSimpleExample</string>
			<key>productReference</key>
			<string>B137ADD2143F6EBF007184CB</string>
			<key>productType</key>
			<string>com.apple.product-type.application</string>
		</dict>
		<key>B137ADD2143F6EBF007184CB</key>
		<dict>
			<key>explicitFileType</key>
			<string>wrapper.application</string>
			<key>includeInIndex</key>
			<string>0</string>
			<key>isa</key>
			<string>PBXFileReference</string>
			<key>path</key>
			<string>LPSimpleExample.app</string>
			<key>sourceTree</key>
			<string>BUILT_PRODUCTS_DIR</string>
		</dict>
		<key>B137ADD3143F6EBF007184CB</key>
		<dict>
			<key>children</key>
			<array>
				<string>B137ADD2143F6EBF007184CB</string>
			</array>
			<key>isa</key>
			<string>PBXGroup</string>
			<key>name</key>
			<string>Products</string>
			<key>sourceTree</key>
			<string>&lt;group&gt;</string>
		</dict>
		<key>B137ADD5143F6EBF007184CB</key>
		<dict>
			<key>children</key>
			<array>
				<string>B137AE01143F7109007184CB</string>
				<string>B137ADD6143F6EBF007184CB</string>
				<string>B137ADD8143F6EBF007184CB</string>
				<string>B137ADDA143F6EBF007184CB</string>
				<string>1ca9529c1987bc34e5924e91</string>
				<string>e424709ad1ae0f4f80f43e04</string>
			</array>
			<key>isa</key>
			<string>PBXGroup</string>
			<key>name</key>
			<string>Frameworks</string>
			<key>path</key>
			<string></string>
			<key>sourceTree</key>
			<string>&lt;group&gt;</string>
		</dict>
		<key>B137ADD6143F6EBF007184CB</key>
		<dict>
			<key>isa</key>
			<string>PBXFileReference</string>
			<key>lastKnownFileType</key>
			<string>wrapper.framework</string>
			<key>name</key>
			<string>UIKit.framework</string>
			<key>path</key>
			<string>System/Library/Frameworks/UIKit.framework</string>
			<key>sourceTree</key>
			<string>SDKROOT</string>
		</dict>
		<key>B137ADD7143F6EBF007184CB</key>
		<dict>
			<key>fileRef</key>
			<string>B137ADD6143F6EBF007184CB</string>
			<key>isa</key>
			<string>PBXBuildFile</string>
		</dict>
		<key>B137ADD8143F6EBF007184CB</key>
		<dict>
			<key>isa</key>
			<string>PBXFileReference</string>
			<key>lastKnownFileType</key>
			<string>wrapper.framework</string>
			<key>name</key>
			<string>Foundation.framework</string>
			<key>path</key>
			<string>System/Library/Frameworks/Foundation.framework</string>
			<key>sourceTree</key>
			<string>SDKROOT</string>
		</dict>
		<key>B137ADD9143F6EBF007184CB</key>
		<dict>
			<key>fileRef</key>
			<string>B137ADD8143F6EBF007184CB</string>
			<key>isa</key>
			<string>PBXBuildFile</string>
		</dict>
		<key>B137ADDA143F6EBF007184CB</key>
		<dict>
			<key>isa</key>
			<string>PBXFileReference</string>
			<key>lastKnownFileType</key>
			<string>wrapper.framework</string>
			<key>name</key>
			<string>CoreGraphics.framework</string>
			<key>path</key>
			<string>System/Library/Frameworks/CoreGraphics.framework</string>
			<key>sourceTree</key>
			<string>SDKROOT</string>
		</dict>
		<key>B137ADDB143F6EBF007184CB</key>
		<dict>
			<key>fileRef</key>
			<string>B137ADDA143F6EBF007184CB</string>
			<key>isa</key>
			<string>PBXBuildFile</string>
		</dict>
		<key>B137ADDC143F6EBF007184CB</key>
		<dict>
			<key>children</key>
			<array>
				<string>B19151CB14549E1200A70274</string>
				<string>B19151CC14549E1200A70274</string>
				<string>B137ADE8143F6EBF007184CB</string>
				<string>B137ADE9143F6EBF007184CB</string>
				<string>B137ADEB143F6EBF007184CB</string>
				<string>B137ADED143F6EBF007184CB</string>
				<string>B137ADEF143F6EBF007184CB</string>
				<string>B137ADF0143F6EBF007184CB</string>
				<string>B137ADF2143F6EBF007184CB</string>
				<string>B137ADF4143F6EBF007184CB</string>
				<string>B137ADF6143F6EBF007184CB</string>
				<string>B137ADF9143F6EBF007184CB</string>
				<string>B1497421144B4C8900E6EE79</string>
				<string>B1497424144B4CBE00E6EE79</string>
				<string>B1497425144B4CBE00E6EE79</string>
				<string>B137ADDD143F6EBF007184CB</string>
				<string>B19151D014549ED100A70274</string>
				<string>B19151D114549ED100A70274</string>
				<string>B19151D214549ED100A70274</string>
			</array>
			<key>isa</key>
			<string>PBXGroup</string>
			<key>path</key>
			<string>LPSimpleExample</string>
			<key>sourceTree</key>
			<string>&lt;group&gt;</string>
		</dict>
		<key>B137ADDD143F6EBF007184CB</key>
		<dict>
			<key>children</key>
			<array>
				<string>B137ADDE143F6EBF007184CB</string>
				<string>B137ADDF143F6EBF007184CB</string>
				<string>B137ADE2143F6EBF007184CB</string>
				<string>B137ADE4143F6EBF007184CB</string>
			</array>
			<key>isa</key>
			<string>PBXGroup</string>
			<key>name</key>
			<string>Supporting Files</string>
			<key>sourceTree</key>
			<string>&lt;group&gt;</string>
		</dict>
		<key>B137ADDE143F6EBF007184CB</key>
		<dict>
			<key>isa</key>
			<string>PBXFileReference</string>
			<key>lastKnownFileType</key>
			<string>text.plist.xml</string>
			<key>path</key>
			<string>LPSimpleExample-Info.plist</string>
			<key>sourceTree</key>
			<string>&lt;group&gt;</string>
		</dict>
		<key>B137ADDF143F6EBF007184CB</key>
		<dict>
			<key>children</key>
			<array>
				<string>B137ADE0143F6EBF007184CB</string>
			</array>
			<key>isa</key>
			<string>PBXVariantGroup</string>
			<key>name</key>
			<string>InfoPlist.strings</string>
			<key>sourceTree</key>
			<string>&lt;group&gt;</string>
		</dict>
		<key>B137ADE0143F6EBF007184CB</key>
		<dict>
			<key>isa</key>
			<string>PBXFileReference</string>
			<key>lastKnownFileType</key>
			<string>text.plist.strings</string>
			<key>name</key>
			<string>en</string>
			<key>path</key>
			<string>en.lproj/InfoPlist.strings</string>
			<key>sourceTree</key>
			<string>&lt;group&gt;</string>
		</dict>
		<key>B137ADE1143F6EBF007184CB</key>
		<dict>
			<key>fileRef</key>
			<string>B137ADDF143F6EBF007184CB</string>
			<key>isa</key>
			<string>PBXBuildFile</string>
		</dict>
		<key>B137ADE2143F6EBF007184CB</key>
		<dict>
			<key>isa</key>
			<string>PBXFileReference</string>
			<key>lastKnownFileType</key>
			<string>sourcecode.c.objc</string>
			<key>path</key>
			<string>main.m</string>
			<key>sourceTree</key>
			<string>&lt;group&gt;</string>
		</dict>
		<key>B137ADE3143F6EBF007184CB</key>
		<dict>
			<key>fileRef</key>
			<string>B137ADE2143F6EBF007184CB</string>
			<key>isa</key>
			<string>PBXBuildFile</string>
		</dict>
		<key>B137ADE4143F6EBF007184CB</key>
		<dict>
			<key>isa</key>
			<string>PBXFileReference</string>
			<key>lastKnownFileType</key>
			<string>sourcecode.c.h</string>
			<key>path</key>
			<string>LPSimpleExample-Prefix.pch</string>
			<key>sourceTree</key>
			<string>&lt;group&gt;</string>
		</dict>
		<key>B137ADE8143F6EBF007184CB</key>
		<dict>
			<key>isa</key>
			<string>PBXFileReference</string>
			<key>lastKnownFileType</key>
			<string>sourcecode.c.h</string>
			<key>path</key>
			<string>LPFirstViewController.h</string>
			<key>sourceTree</key>
			<string>&lt;group&gt;</string>
		</dict>
		<key>B137ADE9143F6EBF007184CB</key>
		<dict>
			<key>isa</key>
			<string>PBXFileReference</string>
			<key>lastKnownFileType</key>
			<string>sourcecode.c.objc</string>
			<key>path</key>
			<string>LPFirstViewController.m</string>
			<key>sourceTree</key>
			<string>&lt;group&gt;</string>
		</dict>
		<key>B137ADEA143F6EBF007184CB</key>
		<dict>
			<key>fileRef</key>
			<string>B137ADE9143F6EBF007184CB</string>
			<key>isa</key>
			<string>PBXBuildFile</string>
		</dict>
		<key>B137ADEB143F6EBF007184CB</key>
		<dict>
			<key>isa</key>
			<string>PBXFileReference</string>
			<key>lastKnownFileType</key>
			<string>image.png</string>
			<key>path</key>
			<string>first.png</string>
			<key>sourceTree</key>
			<string>&lt;group&gt;</string>
		</dict>
		<key>B137ADEC143F6EBF007184CB</key>
		<dict>
			<key>fileRef</key>
			<string>B137ADEB143F6EBF007184CB</string>
			<key>isa</key>
			<string>PBXBuildFile</string>
		</dict>
		<key>B137ADED143F6EBF007184CB</key>
		<dict>
			<key>isa</key>
			<string>PBXFileReference</string>
			<key>lastKnownFileType</key>
			<string>image.png</string>
			<key>path</key>
			<string>first@2x.png</string>
			<key>sourceTree</key>
			<string>&lt;group&gt;</string>
		</dict>
		<key>B137ADEE143F6EBF007184CB</key>
		<dict>
			<key>fileRef</key>
			<string>B137ADED143F6EBF007184CB</string>
			<key>isa</key>
			<string>PBXBuildFile</string>
		</dict>
		<key>B137ADEF143F6EBF007184CB</key>
		<dict>
			<key>isa</key>
			<string>PBXFileReference</string>
			<key>lastKnownFileType</key>
			<string>sourcecode.c.h</string>
			<key>path</key>
			<string>LPSecondViewController.h</string>
			<key>sourceTree</key>
			<string>&lt;group&gt;</string>
		</dict>
		<key>B137ADF0143F6EBF007184CB</key>
		<dict>
			<key>isa</key>
			<string>PBXFileReference</string>
			<key>lastKnownFileType</key>
			<string>sourcecode.c.objc</string>
			<key>path</key>
			<string>LPSecondViewController.m</string>
			<key>sourceTree</key>
			<string>&lt;group&gt;</string>
		</dict>
		<key>B137ADF1143F6EBF007184CB</key>
		<dict>
			<key>fileRef</key>
			<string>B137ADF0143F6EBF007184CB</string>
			<key>isa</key>
			<string>PBXBuildFile</string>
		</dict>
		<key>B137ADF2143F6EBF007184CB</key>
		<dict>
			<key>isa</key>
			<string>PBXFileReference</string>
			<key>lastKnownFileType</key>
			<string>image.png</string>
			<key>path</key>
			<string>second.png</string>
			<key>sourceTree</key>
			<string>&lt;group&gt;</string>
		</dict>
		<key>B137ADF3143F6EBF007184CB</key>
		<dict>
			<key>fileRef</key>
			<string>B137ADF2143F6EBF007184CB</string>
			<key>isa</key>
			<string>PBXBuildFile</string>
		</dict>
		<key>B137ADF4143F6EBF007184CB</key>
		<dict>
			<key>isa</key>
			<string>PBXFileReference</string>
			<key>lastKnownFileType</key>
			<string>image.png</string>
			<key>path</key>
			<string>second@2x.png</string>
			<key>sourceTree</key>
			<string>&lt;group&gt;</string>
		</dict>
		<key>B137ADF5143F6EBF007184CB</key>
		<dict>
			<key>fileRef</key>
			<string>B137ADF4143F6EBF007184CB</string>
			<key>isa</key>
			<string>PBXBuildFile</string>
		</dict>
		<key>B137ADF6143F6EBF007184CB</key>
		<dict>
			<key>children</key>
			<array>
				<string>B137ADF7143F6EBF007184CB</string>
			</array>
			<key>isa</key>
			<string>PBXVariantGroup</string>
			<key>name</key>
			<string>LPFirstViewController.xib</string>
			<key>sourceTree</key>
			<string>&lt;group&gt;</string>
		</dict>
		<key>B137ADF7143F6EBF007184CB</key>
		<dict>
			<key>isa</key>
			<string>PBXFileReference</string>
			<key>lastKnownFileType</key>
			<string>file.xib</string>
			<key>name</key>
			<string>en</string>
			<key>path</key>
			<string>en.lproj/LPFirstViewController.xib</string>
			<key>sourceTree</key>
			<string>&lt;group&gt;</string>
		</dict>
		<key>B137ADF8143F6EBF007184CB</key>
		<dict>
			<key>fileRef</key>
			<string>B137ADF6143F6EBF007184CB</string>
			<key>isa</key>
			<string>PBXBuildFile</string>
		</dict>
		<key>B137ADF9143F6EBF007184CB</key>
		<dict>
			<key>children</key>
			<array>
				<string>B137ADFA143F6EBF007184CB</string>
			</array>
			<key>isa</key>
			<string>PBXVariantGroup</string>
			<key>name</key>
			<string>LPSecondViewController.xib</string>
			<key>sourceTree</key>
			<string>&lt;group&gt;</string>
		</dict>
		<key>B137ADFA143F6EBF007184CB</key>
		<dict>
			<key>isa</key>
			<string>PBXFileReference</string>
			<key>lastKnownFileType</key>
			<string>file.xib</string>
			<key>name</key>
			<string>en</string>
			<key>path</key>
			<string>en.lproj/LPSecondViewController.xib</string>
			<key>sourceTree</key>
			<string>&lt;group&gt;</string>
		</dict>
		<key>B137ADFB143F6EBF007184CB</key>
		<dict>
			<key>fileRef</key>
			<string>B137ADF9143F6EBF007184CB</string>
			<key>isa</key>
			<string>PBXBuildFile</string>
		</dict>
		<key>B137ADFC143F6EBF007184CB</key>
		<dict>
			<key>buildSettings</key>
			<dict>
				<key>ALWAYS_SEARCH_USER_PATHS</key>
				<string>NO</string>
				<key>ARCHS</key>
				<string>$(ARCHS_STANDARD_32_BIT)</string>
				<key>CODE_SIGN_IDENTITY[sdk=iphoneos*]</key>
				<string>iPhone Developer</string>
				<key>COPY_PHASE_STRIP</key>
				<string>NO</string>
				<key>FRAMEWORK_SEARCH_PATHS</key>
				<array>
					<string>$(inherited)</string>
					<string>$(SRCROOT)</string>
				</array>
				<key>GCC_C_LANGUAGE_STANDARD</key>
				<string>gnu99</string>
				<key>GCC_DYNAMIC_NO_PIC</key>
				<string>NO</string>
				<key>GCC_OPTIMIZATION_LEVEL</key>
				<string>0</string>
				<key>GCC_PREPROCESSOR_DEFINITIONS</key>
				<array>
					<string>DEBUG=1</string>
					<string>$(inherited)</string>
				</array>
				<key>GCC_SYMBOLS_PRIVATE_EXTERN</key>
				<string>NO</string>
				<key>GCC_VERSION</key>
				<string>com.apple.compilers.llvm.clang.1_0</string>
				<key>GCC_WARN_ABOUT_MISSING_PROTOTYPES</key>
				<string>YES</string>
				<key>GCC_WARN_ABOUT_RETURN_TYPE</key>
				<string>YES</string>
				<key>GCC_WARN_UNUSED_VARIABLE</key>
				<string>YES</string>
				<key>IPHONEOS_DEPLOYMENT_TARGET</key>
				<string>5.0</string>
				<key>SDKROOT</key>
				<string>iphoneos</string>
			</dict>
			<key>isa</key>
			<string>XCBuildConfiguration</string>
			<key>name</key>
			<string>Debug</string>
		</dict>
		<key>B137ADFD143F6EBF007184CB</key>
		<dict>
			<key>buildSettings</key>
			<dict>
				<key>ALWAYS_SEARCH_USER_PATHS</key>
				<string>NO</string>
				<key>ARCHS</key>
				<string>$(ARCHS_STANDARD_32_BIT)</string>
				<key>CODE_SIGN_IDENTITY[sdk=iphoneos*]</key>
				<string>iPhone Developer</string>
				<key>COPY_PHASE_STRIP</key>
				<string>YES</string>
				<key>FRAMEWORK_SEARCH_PATHS</key>
				<array>
					<string>$(inherited)</string>
					<string>$(SRCROOT)</string>
				</array>
				<key>GCC_C_LANGUAGE_STANDARD</key>
				<string>gnu99</string>
				<key>GCC_VERSION</key>
				<string>com.apple.compilers.llvm.clang.1_0</string>
				<key>GCC_WARN_ABOUT_MISSING_PROTOTYPES</key>
				<string>YES</string>
				<key>GCC_WARN_ABOUT_RETURN_TYPE</key>
				<string>YES</string>
				<key>GCC_WARN_UNUSED_VARIABLE</key>
				<string>YES</string>
				<key>IPHONEOS_DEPLOYMENT_TARGET</key>
				<string>5.0</string>
				<key>OTHER_CFLAGS</key>
				<string>-DNS_BLOCK_ASSERTIONS=1</string>
				<key>SDKROOT</key>
				<string>iphoneos</string>
				<key>VALIDATE_PRODUCT</key>
				<string>YES</string>
			</dict>
			<key>isa</key>
			<string>XCBuildConfiguration</string>
			<key>name</key>
			<string>Release</string>
		</dict>
		<key>B137ADFE143F6EBF007184CB</key>
		<dict>
			<key>buildConfigurations</key>
			<array>
				<string>B137ADFF143F6EBF007184CB</string>
				<string>B137AE00143F6EBF007184CB</string>
				<string>OEF69BC36B487101205D15D0</string>
			</array>
			<key>defaultConfigurationIsVisible</key>
			<string>0</string>
			<key>defaultConfigurationName</key>
			<string>Release</string>
			<key>isa</key>
			<string>XCConfigurationList</string>
		</dict>
		<key>B137ADFF143F6EBF007184CB</key>
		<dict>
			<key>buildSettings</key>
			<dict>
				<key>FRAMEWORK_SEARCH_PATHS</key>
				<array>
					<string>$(inherited)</string>
					<string>$(SRCROOT)</string>
				</array>
				<key>GCC_PRECOMPILE_PREFIX_HEADER</key>
				<string>YES</string>
				<key>GCC_PREFIX_HEADER</key>
				<string>LPSimpleExample/LPSimpleExample-Prefix.pch</string>
				<key>INFOPLIST_FILE</key>
				<string>LPSimpleExample/LPSimpleExample-Info.plist</string>
				<key>IPHONEOS_DEPLOYMENT_TARGET</key>
				<string>4.0</string>
				<key>PRODUCT_NAME</key>
				<string>$(TARGET_NAME)</string>
				<key>WRAPPER_EXTENSION</key>
				<string>app</string>
			</dict>
			<key>isa</key>
			<string>XCBuildConfiguration</string>
			<key>name</key>
			<string>Debug</string>
		</dict>
		<key>B137AE00143F6EBF007184CB</key>
		<dict>
			<key>buildSettings</key>
			<dict>
				<key>FRAMEWORK_SEARCH_PATHS</key>
				<array>
					<string>$(inherited)</string>
					<string>$(SRCROOT)</string>
				</array>
				<key>GCC_PRECOMPILE_PREFIX_HEADER</key>
				<string>YES</string>
				<key>GCC_PREFIX_HEADER</key>
				<string>LPSimpleExample/LPSimpleExample-Prefix.pch</string>
				<key>INFOPLIST_FILE</key>
				<string>LPSimpleExample/LPSimpleExample-Info.plist</string>
				<key>IPHONEOS_DEPLOYMENT_TARGET</key>
				<string>4.0</string>
				<key>PRODUCT_NAME</key>
				<string>$(TARGET_NAME)</string>
				<key>WRAPPER_EXTENSION</key>
				<string>app</string>
			</dict>
			<key>isa</key>
			<string>XCBuildConfiguration</string>
			<key>name</key>
			<string>Release</string>
		</dict>
		<key>B137AE01143F7109007184CB</key>
		<dict>
			<key>isa</key>
			<string>PBXFileReference</string>
			<key>lastKnownFileType</key>
			<string>wrapper.framework</string>
			<key>name</key>
			<string>MapKit.framework</string>
			<key>path</key>
			<string>System/Library/Frameworks/MapKit.framework</string>
			<key>sourceTree</key>
			<string>SDKROOT</string>
		</dict>
		<key>B137AE02143F7109007184CB</key>
		<dict>
			<key>fileRef</key>
			<string>B137AE01143F7109007184CB</string>
			<key>isa</key>
			<string>PBXBuildFile</string>
		</dict>
		<key>B1497421144B4C8900E6EE79</key>
		<dict>
			<key>fileEncoding</key>
			<string>4</string>
			<key>isa</key>
			<string>PBXFileReference</string>
			<key>lastKnownFileType</key>
			<string>file.xib</string>
			<key>path</key>
			<string>LPThirdViewController.xib</string>
			<key>sourceTree</key>
			<string>&lt;group&gt;</string>
		</dict>
		<key>B1497422144B4C8900E6EE79</key>
		<dict>
			<key>fileRef</key>
			<string>B1497421144B4C8900E6EE79</string>
			<key>isa</key>
			<string>PBXBuildFile</string>
		</dict>
		<key>B1497424144B4CBE00E6EE79</key>
		<dict>
			<key>fileEncoding</key>
			<string>4</string>
			<key>isa</key>
			<string>PBXFileReference</string>
			<key>lastKnownFileType</key>
			<string>sourcecode.c.h</string>
			<key>path</key>
			<string>LPThirdViewController.h</string>
			<key>sourceTree</key>
			<string>&lt;group&gt;</string>
		</dict>
		<key>B1497425144B4CBE00E6EE79</key>
		<dict>
			<key>fileEncoding</key>
			<string>4</string>
			<key>isa</key>
			<string>PBXFileReference</string>
			<key>lastKnownFileType</key>
			<string>sourcecode.c.objc</string>
			<key>path</key>
			<string>LPThirdViewController.m</string>
			<key>sourceTree</key>
			<string>&lt;group&gt;</string>
		</dict>
		<key>B1497426144B4CBE00E6EE79</key>
		<dict>
			<key>fileRef</key>
			<string>B1497425144B4CBE00E6EE79</string>
			<key>isa</key>
			<string>PBXBuildFile</string>
		</dict>
		<key>B19151CB14549E1200A70274</key>
		<dict>
			<key>fileEncoding</key>
			<string>4</string>
			<key>isa</key>
			<string>PBXFileReference</string>
			<key>lastKnownFileType</key>
			<string>sourcecode.c.h</string>
			<key>path</key>
			<string>LPAppDelegate.h</string>
			<key>sourceTree</key>
			<string>&lt;group&gt;</string>
		</dict>
		<key>B19151CC14549E1200A70274</key>
		<dict>
			<key>fileEncoding</key>
			<string>4</string>
			<key>isa</key>
			<string>PBXFileReference</string>
			<key>lastKnownFileType</key>
			<string>sourcecode.c.objc</string>
			<key>path</key>
			<string>LPAppDelegate.m</string>
			<key>sourceTree</key>
			<string>&lt;group&gt;</string>
		</dict>
		<key>B19151CD14549E1200A70274</key>
		<dict>
			<key>fileRef</key>
			<string>B19151CC14549E1200A70274</string>
			<key>isa</key>
			<string>PBXBuildFile</string>
		</dict>
		<key>B19151D014549ED100A70274</key>
		<dict>
			<key>fileEncoding</key>
			<string>4</string>
			<key>isa</key>
			<string>PBXFileReference</string>
			<key>lastKnownFileType</key>
			<string>sourcecode.c.h</string>
			<key>path</key>
			<string>LPFourthViewController.h</string>
			<key>sourceTree</key>
			<string>&lt;group&gt;</string>
		</dict>
		<key>B19151D114549ED100A70274</key>
		<dict>
			<key>fileEncoding</key>
			<string>4</string>
			<key>isa</key>
			<string>PBXFileReference</string>
			<key>lastKnownFileType</key>
			<string>sourcecode.c.objc</string>
			<key>path</key>
			<string>LPFourthViewController.m</string>
			<key>sourceTree</key>
			<string>&lt;group&gt;</string>
		</dict>
		<key>B19151D214549ED100A70274</key>
		<dict>
			<key>fileEncoding</key>
			<string>4</string>
			<key>isa</key>
			<string>PBXFileReference</string>
			<key>lastKnownFileType</key>
			<string>file.xib</string>
			<key>path</key>
			<string>LPFourthViewController.xib</string>
			<key>sourceTree</key>
			<string>&lt;group&gt;</string>
		</dict>
		<key>B19151D314549ED100A70274</key>
		<dict>
			<key>fileRef</key>
			<string>B19151D114549ED100A70274</string>
			<key>isa</key>
			<string>PBXBuildFile</string>
		</dict>
		<key>B19151D514549ED100A70274</key>
		<dict>
			<key>fileRef</key>
			<string>B19151D214549ED100A70274</string>
			<key>isa</key>
			<string>PBXBuildFile</string>
		</dict>
		<key>B1EE84381517A88D0030AB19</key>
		<dict>
			<key>isa</key>
			<string>PBXFileReference</string>
			<key>lastKnownFileType</key>
			<string>text.plist.xml</string>
			<key>name</key>
			<string>LPSimpleExample copy-Info.plist</string>
			<key>path</key>
			<string>/Users/krukow/github/calabash-ios-example/LPSimpleExample copy-Info.plist</string>
			<key>sourceTree</key>
			<string>&lt;absolute&gt;</string>
		</dict>
		<key>OEF69BC36B487101205D15D0</key>
		<dict>
			<key>buildSettings</key>
			<dict>
				<key>FRAMEWORK_SEARCH_PATHS</key>
				<array>
					<string>$(inherited)</string>
					<string>$(SRCROOT)</string>
				</array>
				<key>GCC_PRECOMPILE_PREFIX_HEADER</key>
				<string>YES</string>
				<key>GCC_PREFIX_HEADER</key>
				<string>LPSimpleExample/LPSimpleExample-Prefix.pch</string>
				<key>INFOPLIST_FILE</key>
				<string>LPSimpleExample/LPSimpleExample-Info.plist</string>
				<key>IPHONEOS_DEPLOYMENT_TARGET</key>
				<string>4.0</string>
				<key>OTHER_LDFLAGS</key>
				<array>
					<string>-force_load</string>
					<string>$(SRCROOT)/calabash.framework/calabash</string>
					<string>-lstdc++</string>
				</array>
				<key>PRODUCT_NAME</key>
				<string>$(TARGET_NAME)</string>
				<key>WRAPPER_EXTENSION</key>
				<string>app</string>
			</dict>
			<key>isa</key>
			<string>XCBuildConfiguration</string>
			<key>name</key>
			<string>Calabash</string>
		</dict>
		<key>OEFFD99705EC998EF40BD873</key>
		<dict>
			<key>buildSettings</key>
			<dict>
				<key>ALWAYS_SEARCH_USER_PATHS</key>
				<string>NO</string>
				<key>ARCHS</key>
				<string>$(ARCHS_STANDARD_32_BIT)</string>
				<key>CODE_SIGN_IDENTITY[sdk=iphoneos*]</key>
				<string>iPhone Developer</string>
				<key>COPY_PHASE_STRIP</key>
				<string>NO</string>
				<key>FRAMEWORK_SEARCH_PATHS</key>
				<array>
					<string>$(inherited)</string>
					<string>$(SRCROOT)</string>
				</array>
				<key>GCC_C_LANGUAGE_STANDARD</key>
				<string>gnu99</string>
				<key>GCC_DYNAMIC_NO_PIC</key>
				<string>NO</string>
				<key>GCC_OPTIMIZATION_LEVEL</key>
				<string>0</string>
				<key>GCC_PREPROCESSOR_DEFINITIONS</key>
				<array>
					<string>DEBUG=1</string>
					<string>$(inherited)</string>
				</array>
				<key>GCC_SYMBOLS_PRIVATE_EXTERN</key>
				<string>NO</string>
				<key>GCC_VERSION</key>
				<string>com.apple.compilers.llvm.clang.1_0</string>
				<key>GCC_WARN_ABOUT_MISSING_PROTOTYPES</key>
				<string>YES</string>
				<key>GCC_WARN_ABOUT_RETURN_TYPE</key>
				<string>YES</string>
				<key>GCC_WARN_UNUSED_VARIABLE</key>
				<string>YES</string>
				<key>IPHONEOS_DEPLOYMENT_TARGET</key>
				<string>5.0</string>
				<key>SDKROOT</key>
				<string>iphoneos</string>
			</dict>
			<key>isa</key>
			<string>XCBuildConfiguration</string>
			<key>name</key>
			<string>Calabash</string>
		</dict>
		<key>b1188da51d4af4b55c3968b7</key>
		<dict>
			<key>fileRef</key>
			<string>B1497425144B4CBE00E6EE79</string>
			<key>isa</key>
			<string>PBXBuildFile</string>
		</dict>
		<key>b4dbd2e54c19da5be9e65650</key>
		<dict>
			<key>fileRef</key>
			<string>B137ADF4143F6EBF007184CB</string>
			<key>isa</key>
			<string>PBXBuildFile</string>
		</dict>
		<key>b8c81cbdc610051f9711ea6b</key>
		<dict>
			<key>fileRef</key>
			<string>B137AE01143F7109007184CB</string>
			<key>isa</key>
			<string>PBXBuildFile</string>
		</dict>
		<key>bc3f8cce8644912bc28d79b0</key>
		<dict>
			<key>buildActionMask</key>
			<string>2147483647</string>
			<key>files</key>
			<array>
				<string>fe8d7cc48700c30ac31d9a0e</string>
				<string>184e89936b6bc5c26ba1c7fe</string>
				<string>f028baec2f758ef2f3584d69</string>
				<string>877fd0c3a14a7cedb5b7107a</string>
				<string>b4dbd2e54c19da5be9e65650</string>
				<string>5a568861d1d902912bae4cf1</string>
				<string>79d4773981af75d50177086d</string>
				<string>d8799c67e1394b1fee7fa2ee</string>
				<string>c835721f2a6ccb0475610348</string>
			</array>
			<key>isa</key>
			<string>PBXResourcesBuildPhase</string>
			<key>runOnlyForDeploymentPostprocessing</key>
			<string>0</string>
		</dict>
		<key>bfd83f844544cea0b8c74bc3</key>
		<dict>
			<key>fileRef</key>
			<string>B137ADE9143F6EBF007184CB</string>
			<key>isa</key>
			<string>PBXBuildFile</string>
		</dict>
		<key>c112b9171ad7d0a18f56aa30</key>
		<dict>
			<key>fileRef</key>
			<string>B137ADE2143F6EBF007184CB</string>
			<key>isa</key>
			<string>PBXBuildFile</string>
		</dict>
		<key>c835721f2a6ccb0475610348</key>
		<dict>
			<key>fileRef</key>
			<string>B19151D214549ED100A70274</string>
			<key>isa</key>
			<string>PBXBuildFile</string>
		</dict>
		<key>ce552271a4655cfd3647e923</key>
		<dict>
			<key>buildConfigurations</key>
			<array>
				<string>ced03bdedc3f5addc17d0029</string>
				<string>32008b7878ac066a15fa12f1</string>
				<string>de8b2a3708a50bf9a7b155da</string>
			</array>
			<key>defaultConfigurationIsVisible</key>
			<string>0</string>
			<key>defaultConfigurationName</key>
			<string>Release</string>
			<key>isa</key>
			<string>XCConfigurationList</string>
		</dict>
		<key>ced03bdedc3f5addc17d0029</key>
		<dict>
			<key>buildSettings</key>
			<dict>
				<key>FRAMEWORK_SEARCH_PATHS</key>
				<array>
					<string>$(inherited)</string>
					<string>$(SRCROOT)</string>
				</array>
				<key>GCC_PRECOMPILE_PREFIX_HEADER</key>
				<string>YES</string>
				<key>GCC_PREFIX_HEADER</key>
				<string>LPSimpleExample/LPSimpleExample-Prefix.pch</string>
				<key>INFOPLIST_FILE</key>
				<string>LPSimpleExample/LPSimpleExample-Info.plist</string>
				<key>IPHONEOS_DEPLOYMENT_TARGET</key>
				<string>4.0</string>
				<key>OTHER_LDFLAGS</key>
				<array>
					<string>-force_load</string>
					<string>"$(SRCROOT)/calabash.framework/calabash"</string>
					<string>-lstdc++</string>
				</array>
				<key>PRODUCT_NAME</key>
				<string>$(TARGET_NAME)</string>
				<key>WRAPPER_EXTENSION</key>
				<string>app</string>
			</dict>
			<key>isa</key>
			<string>XCBuildConfiguration</string>
			<key>name</key>
			<string>Debug</string>
		</dict>
		<key>d8799c67e1394b1fee7fa2ee</key>
		<dict>
			<key>fileRef</key>
			<string>B1497421144B4C8900E6EE79</string>
			<key>isa</key>
			<string>PBXBuildFile</string>
		</dict>
		<key>de8b2a3708a50bf9a7b155da</key>
		<dict>
			<key>buildSettings</key>
			<dict>
				<key>FRAMEWORK_SEARCH_PATHS</key>
				<array>
					<string>$(inherited)</string>
					<string>$(SRCROOT)</string>
				</array>
				<key>GCC_PRECOMPILE_PREFIX_HEADER</key>
				<string>YES</string>
				<key>GCC_PREFIX_HEADER</key>
				<string>LPSimpleExample/LPSimpleExample-Prefix.pch</string>
				<key>INFOPLIST_FILE</key>
				<string>LPSimpleExample/LPSimpleExample-Info.plist</string>
				<key>IPHONEOS_DEPLOYMENT_TARGET</key>
				<string>4.0</string>
				<key>OTHER_LDFLAGS</key>
				<array>
					<string>-force_load</string>
					<string>$(SRCROOT)/calabash.framework/calabash</string>
					<string>-lstdc++</string>
				</array>
				<key>PRODUCT_NAME</key>
				<string>$(TARGET_NAME)</string>
				<key>WRAPPER_EXTENSION</key>
				<string>app</string>
			</dict>
			<key>isa</key>
			<string>XCBuildConfiguration</string>
			<key>name</key>
			<string>Calabash</string>
		</dict>
		<key>e424709ad1ae0f4f80f43e04</key>
		<dict>
			<key>FileEncoding</key>
			<string>4</string>
			<key>isa</key>
			<string>PBXFileReference</string>
			<key>lastKnownFileType</key>
			<string>wrapper.framework</string>
			<key>name</key>
			<string>calabash.framework</string>
			<key>path</key>
			<string>calabash.framework</string>
			<key>sourceTree</key>
			<string>&lt;group&gt;</string>
		</dict>
		<key>f028baec2f758ef2f3584d69</key>
		<dict>
			<key>fileRef</key>
			<string>B137ADED143F6EBF007184CB</string>
			<key>isa</key>
			<string>PBXBuildFile</string>
		</dict>
		<key>fe8d7cc48700c30ac31d9a0e</key>
		<dict>
			<key>fileRef</key>
			<string>B137ADDF143F6EBF007184CB</string>
			<key>isa</key>
			<string>PBXBuildFile</string>
		</dict>
	</dict>
	<key>rootObject</key>
	<string>B137ADC9143F6EBF007184CB</string>
</dict>
</plist>
